github.com/cosiner/argv v0.0.0-20170225145430-13bacc38a0a5/go.mod h1:p/NrK5tF6ICIly4qwEDsf6VDirFiWWz0FenfYBwJaKQ=
github.com/davecgh/go-spew v1.1.1/go.mod h1:J7Y8YcW2NihsgmVo/mv3lAwl/skON4iLHjSsI+c5H38=
github.com/derekparker/delve v1.1.0/go.mod h1:pMSZMfp0Nhbm8qdZJkuE/yPGOkLpGXLS1I4poXQpuJU=
github.com/imdario/mergo v0.3.6 h1:xTNEAn+kxVO7dTZGu0CegyqKZmoWFI0rF8UxjlB2d28=
github.com/imdario/mergo v0.3.6/go.mod h1:2EnlNZ0deacrJVfApfmtdGgDfMuh/nq6Ok1EcJh5FfA=
github.com/johandorland/gojsonschema v0.0.0-20180719132039-b84684d0e066/go.mod h1:1mXKyf/dupYvz1W9cGLRYOZZnUQA0ojA/LWa4/tldo8=
github.com/mattn/go-isatty v0.0.4/go.mod h1:M+lRXTBqGeGNdLjl/ufCoiOlB5xdOkqRJdNxMWT7Zi4=
github.com/mattn/go-runewidth v0.0.3/go.mod h1:LwmH8dsx7+W8Uxz3IHJYH5QSwggIsqBzpuz5H//U1FU=
github.com/mitchellh/mapstructure v0.0.0-20170523030023-d0303fe80992 h1:W7VHAEVflA5/eTyRvQ53Lz5j8bhRd1myHZlI/IZFvbU=
github.com/mitchellh/mapstructure v0.0.0-20170523030023-d0303fe80992/go.mod h1:FVVH3fgwuzCH5S8UJGiWEs2h04kUh9fWfEaFds41c1Y=
github.com/onsi/ginkgo v0.0.0-20170725030731-8382b23d18db/go.mod h1:lLunBs/Ym6LB5Z9jYTR76FiuTmxDTDusOGeTQH+WWjE=
github.com/onsi/gomega v1.2.0/go.mod h1:C1qb7wdrVGGVU+Z6iS04AVkA3Q65CEZX59MT0QO5uiA=
github.com/peterh/liner v1.1.0/go.mod h1:CRroGNssyjTd/qIG2FyxByd2S8JEAZXBl4qUrZf8GS0=
github.com/sanathkr/go-yaml v0.0.0-20170819195128-ed9d249f429b h1:jUK33OXuZP/l6babJtnLo1qsGvq6G9so9KMflGAm4YA=
github.com/sanathkr/go-yaml v0.0.0-20170819195128-ed9d249f429b/go.mod h1:8458kAagoME2+LN5//WxE71ysZ3B7r22fdgb7qVmXSY=
github.com/sanathkr/yaml v0.0.0-20170819201035-0056894fa522 h1:fOCp11H0yuyAt2wqlbJtbyPzSgaxHTv8uN1pMpkG1t8=
github.com/sanathkr/yaml v0.0.0-20170819201035-0056894fa522/go.mod h1:tQTYKOQgxoH3v6dEmdHiz4JG+nbxWwM5fgPQUpSZqVQ=
github.com/sirupsen/logrus v1.0.6/go.mod h1:pMByvHTf9Beacp5x1UXfOR9xyW/9antXMhjMPG0dEzc=
github.com/spf13/cobra v0.0.3/go.mod h1:1l0Ry5zgKvJasoi3XT1TypsSe7PqH0Sj9dhYf7v3XqQ=
github.com/spf13/pflag v1.0.2/go.mod h1:DYY7MBk1bdzusC3SYhjObp+wFpr4gzcvqqNjLnInEg4=
github.com/xeipuuv/gojsonpointer v0.0.0-20170225233418-6fe8760cad35/go.mod h1:N2zxlSyiKSe5eX1tZViRH5QA0qijqEDrYZiPEAiq3wU=
github.com/xeipuuv/gojsonreference v0.0.0-20150808065054-e02fc20de94c/go.mod h1:GwrjFmJcFw6At/Gs6z4yjiIwzuJ1/+UwLxMQDVQXShQ=
golang.org/x/arch v0.0.0-20180516175055-5de9028c2478/go.mod h1:cYlCBUl1MsqxdiKgmc4uh7TxZfWSFLOGSRR090WDxt8=
golang.org/x/crypto v0.0.0-20180910181607-0e37d006457b/go.mod h1:6SG95UA2DQfeDnfUPMdvaQW0Q7yPrPDi9nlGo2tz2b4=
golang.org/x/net v0.0.0-20170809000501-1c05540f6879/go.mod h1:mL1N/T3taQHkDXs73rZJwtUhF3w3ftmwwsq0BUmARs4=
golang.org/x/sys v0.0.0-20170814044513-c84c1ab9fd18/go.mod h1:STP8DvDyc/dI5b8T5hshtkjS+E42TnysNCUPdjciGhY=
golang.org/x/text v0.0.0-20170814122439-e56139fd9c5b/go.mod h1:NqM8EUOU14njkJ3fqMW+pc6Ldnwhi/IjpwHt7yyuwOQ=
gopkg.in/yaml.v2 v2.0.0-20170812160011-eb3733d160e7/go.mod h1:JAlM8MvJe8wmxCU4Bli9HhUf9+ttbYbLASfIpnQbh74=
